{
  "name": "genqr",
  "version": "0.0.0",
  "lockfileVersion": 1,
  "requires": true,
  "dependencies": {
    "cosmetic": {
      "version": "1.1.1",
      "resolved": "https://registry.npmjs.org/cosmetic/-/cosmetic-1.1.1.tgz",
      "integrity": "sha512-JG2xp0ltrxNj7z422xoNsZvSZGGptywN9fBsfCj9lSCcWIYvpNax5K2mp8SsdNRwE3Eg+OeTCp2Y3fyl5vXQVg=="
    },
    "qrcode-terminal": {
      "version": "0.12.0",
      "resolved": "https://registry.npmjs.org/qrcode-terminal/-/qrcode-terminal-0.12.0.tgz",
      "integrity": "sha512-EXtzRZmC+YGmGlDFbXKxQiMZNwCLEO6BANKXG4iCtSIM0yqc/pappSx3RIKr4r0uh5JsBckOXeKrB3Iz7mdQpQ=="
    },
    "termkit": {
      "version": "1.4.1",
      "resolved": "https://registry.npmjs.org/termkit/-/termkit-1.4.1.tgz",
      "integrity": "sha512-jSqUmO5jva5CV4pcwARnkMkrCHp7j30bmprvFQM9zxIPCp4mnW5CFjhG9DMjaDTafmkVrFRRPAwsldKRPKNJPg==",
      "requires": {
        "cosmetic": "^1.1.1"
      }
    }
  }
}
